
Microsoft Visual Studio Solution File, Format Version 11.00
# Visual Studio 2010
Project("{FAE04EC0-301F-11D3-BF4B-00C04F79EFBC}") = "PlanningPoker", "PlanningPoker\PlanningPoker.csproj", "{3A040919-DF24-4726-B963-3D88BD0A6688}"
EndProject
Project("{FAE04EC0-301F-11D3-BF4B-00C04F79EFBC}") = "PlanningPoker.Tests", "PlanningPoker.Tests\PlanningPoker.Tests.csproj", "{1421122D-2198-46FD-A86B-4C9C384CD2A6}"
EndProject
Global
	GlobalSection(SolutionConfigurationPlatforms) = preSolution
		Debug|Any CPU = Debug|Any CPU
		Release|Any CPU = Release|Any CPU
	EndGlobalSection
	GlobalSection(ProjectConfigurationPlatforms) = postSolution
		{3A040919-DF24-4726-B963-3D88BD0A6688}.Debug|Any CPU.ActiveCfg = Debug|Any CPU
		{3A040919-DF24-4726-B963-3D88BD0A6688}.Debug|Any CPU.Build.0 = Debug|Any CPU
		{3A040919-DF24-4726-B963-3D88BD0A6688}.Release|Any CPU.ActiveCfg = Release|Any CPU
		{3A040919-DF24-4726-B963-3D88BD0A6688}.Release|Any CPU.Build.0 = Release|Any CPU
		{1421122D-2198-46FD-A86B-4C9C384CD2A6}.Debug|Any CPU.ActiveCfg = Debug|Any CPU
		{1421122D-2198-46FD-A86B-4C9C384CD2A6}.Debug|Any CPU.Build.0 = Debug|Any CPU
		{1421122D-2198-46FD-A86B-4C9C384CD2A6}.Release|Any CPU.ActiveCfg = Release|Any CPU
		{1421122D-2198-46FD-A86B-4C9C384CD2A6}.Release|Any CPU.Build.0 = Release|Any CPU
	EndGlobalSection
	GlobalSection(SolutionProperties) = preSolution
		HideSolutionNode = FALSE
	EndGlobalSection
EndGlobal
